{
  "name": "sitecore-tinymce",
  "version": "1.0.0",
  "lockfileVersion": 1,
  "requires": true,
  "dependencies": {
    "tinymce": {
      "version": "5.6.1",
      "resolved": "https://registry.npmjs.org/tinymce/-/tinymce-5.6.1.tgz",
      "integrity": "sha512-gLtuSk3VH5P36wYOxrkjKvLnPnuNRZ77t2fjTMz95ASnd5FsTBCLadnr8YKcWrBommFQoSzmVlTDyR7gXgR3nw=="
    }
  }
}
